
Microsoft Visual Studio Solution File, Format Version 12.00
# Visual Studio 2013
VisualStudioVersion = 12.0.40629.0
MinimumVisualStudioVersion = 10.0.40219.1
Project("{8BC9CEB8-8B4A-11D0-8D11-00A0C91BC942}") = "VulnDll", "VulnDll\VulnDll.vcxproj", "{45349D7C-4DC2-4CCD-980B-6643B89DAFA4}"
EndProject
Project("{8BC9CEB8-8B4A-11D0-8D11-00A0C91BC942}") = "ReversingWin64", "ReversingWin64\ReversingWin64.vcxproj", "{AC27E916-9402-4631-8EC0-DEBD323D76CA}"
EndProject
Global
	GlobalSection(SolutionConfigurationPlatforms) = preSolution
		Debug|Win32 = Debug|Win32
		Debug|x64 = Debug|x64
		Release|Win32 = Release|Win32
		Release|x64 = Release|x64
	EndGlobalSection
	GlobalSection(ProjectConfigurationPlatforms) = postSolution
		{45349D7C-4DC2-4CCD-980B-6643B89DAFA4}.Debug|Win32.ActiveCfg = Debug|Win32
		{45349D7C-4DC2-4CCD-980B-6643B89DAFA4}.Debug|Win32.Build.0 = Debug|Win32
		{45349D7C-4DC2-4CCD-980B-6643B89DAFA4}.Debug|x64.ActiveCfg = Debug|Win32
		{45349D7C-4DC2-4CCD-980B-6643B89DAFA4}.Debug|x64.Build.0 = Debug|Win32
		{45349D7C-4DC2-4CCD-980B-6643B89DAFA4}.Release|Win32.ActiveCfg = Release|Win32
		{45349D7C-4DC2-4CCD-980B-6643B89DAFA4}.Release|Win32.Build.0 = Release|Win32
		{45349D7C-4DC2-4CCD-980B-6643B89DAFA4}.Release|x64.ActiveCfg = Release|x64
		{45349D7C-4DC2-4CCD-980B-6643B89DAFA4}.Release|x64.Build.0 = Release|x64
		{AC27E916-9402-4631-8EC0-DEBD323D76CA}.Debug|Win32.ActiveCfg = Debug|Win32
		{AC27E916-9402-4631-8EC0-DEBD323D76CA}.Debug|Win32.Build.0 = Debug|Win32
		{AC27E916-9402-4631-8EC0-DEBD323D76CA}.Debug|x64.ActiveCfg = Debug|Win32
		{AC27E916-9402-4631-8EC0-DEBD323D76CA}.Debug|x64.Build.0 = Debug|Win32
		{AC27E916-9402-4631-8EC0-DEBD323D76CA}.Release|Win32.ActiveCfg = Release|Win32
		{AC27E916-9402-4631-8EC0-DEBD323D76CA}.Release|Win32.Build.0 = Release|Win32
		{AC27E916-9402-4631-8EC0-DEBD323D76CA}.Release|x64.ActiveCfg = Release|x64
		{AC27E916-9402-4631-8EC0-DEBD323D76CA}.Release|x64.Build.0 = Release|x64
	EndGlobalSection
	GlobalSection(SolutionProperties) = preSolution
		HideSolutionNode = FALSE
	EndGlobalSection
EndGlobal
